
Microsoft Visual Studio Solution File, Format Version 12.00
# Visual Studio Version 17
VisualStudioVersion = 17.9.34728.123
MinimumVisualStudioVersion = 10.0.40219.1
Project("{FAE04EC0-301F-11D3-BF4B-00C04F79EFBC}") = "crud-mvc-dotnet-angular.Server", "crud-mvc-dotnet-angular.Server\crud-mvc-dotnet-angular.Server.csproj", "{C05E5F3E-05BA-4E12-8DA2-56961EECE5FF}"
EndProject
Project("{54A90642-561A-4BB1-A94E-469ADEE60C69}") = "crud-mvc-dotnet-angular.client", "crud-mvc-dotnet-angular.client\crud-mvc-dotnet-angular.client.esproj", "{C581592F-5359-4740-8E9F-29E677689452}"
EndProject
Global
	GlobalSection(SolutionConfigurationPlatforms) = preSolution
		Debug|Any CPU = Debug|Any CPU
		Release|Any CPU = Release|Any CPU
	EndGlobalSection
	GlobalSection(ProjectConfigurationPlatforms) = postSolution
		{C05E5F3E-05BA-4E12-8DA2-56961EECE5FF}.Debug|Any CPU.ActiveCfg = Debug|Any CPU
		{C05E5F3E-05BA-4E12-8DA2-56961EECE5FF}.Debug|Any CPU.Build.0 = Debug|Any CPU
		{C05E5F3E-05BA-4E12-8DA2-56961EECE5FF}.Release|Any CPU.ActiveCfg = Release|Any CPU
		{C05E5F3E-05BA-4E12-8DA2-56961EECE5FF}.Release|Any CPU.Build.0 = Release|Any CPU
		{C581592F-5359-4740-8E9F-29E677689452}.Debug|Any CPU.ActiveCfg = Debug|Any CPU
		{C581592F-5359-4740-8E9F-29E677689452}.Debug|Any CPU.Build.0 = Debug|Any CPU
		{C581592F-5359-4740-8E9F-29E677689452}.Debug|Any CPU.Deploy.0 = Debug|Any CPU
		{C581592F-5359-4740-8E9F-29E677689452}.Release|Any CPU.ActiveCfg = Release|Any CPU
		{C581592F-5359-4740-8E9F-29E677689452}.Release|Any CPU.Build.0 = Release|Any CPU
		{C581592F-5359-4740-8E9F-29E677689452}.Release|Any CPU.Deploy.0 = Release|Any CPU
	EndGlobalSection
	GlobalSection(SolutionProperties) = preSolution
		HideSolutionNode = FALSE
	EndGlobalSection
	GlobalSection(ExtensibilityGlobals) = postSolution
		SolutionGuid = {2693F68B-8182-4B3D-87D8-75452848FC89}
	EndGlobalSection
EndGlobal
